
Microsoft Visual Studio Solution File, Format Version 12.00
# Visual Studio 15
VisualStudioVersion = 15.0.26430.16
MinimumVisualStudioVersion = 10.0.40219.1
Project("{9A19103F-16F7-4668-BE54-9A1E7A4F7556}") = "csod-edge-integrations-custom-provider-service", "csod-edge-integrations-custom-provider-service\csod-edge-integrations-custom-provider-service.csproj", "{F7F4D3ED-7D92-4BC0-9B87-D518F3FC97FD}"
EndProject
Project("{9A19103F-16F7-4668-BE54-9A1E7A4F7556}") = "AonHewitt.Lib", "AonHewitt.Lib\AonHewitt.Lib.csproj", "{343417C0-A392-47BA-B652-40D58AE6C7E0}"
EndProject
Global
	GlobalSection(SolutionConfigurationPlatforms) = preSolution
		Debug|Any CPU = Debug|Any CPU
		Release|Any CPU = Release|Any CPU
	EndGlobalSection
	GlobalSection(ProjectConfigurationPlatforms) = postSolution
		{F7F4D3ED-7D92-4BC0-9B87-D518F3FC97FD}.Debug|Any CPU.ActiveCfg = Debug|Any CPU
		{F7F4D3ED-7D92-4BC0-9B87-D518F3FC97FD}.Debug|Any CPU.Build.0 = Debug|Any CPU
		{F7F4D3ED-7D92-4BC0-9B87-D518F3FC97FD}.Release|Any CPU.ActiveCfg = Release|Any CPU
		{F7F4D3ED-7D92-4BC0-9B87-D518F3FC97FD}.Release|Any CPU.Build.0 = Release|Any CPU
		{343417C0-A392-47BA-B652-40D58AE6C7E0}.Debug|Any CPU.ActiveCfg = Debug|Any CPU
		{343417C0-A392-47BA-B652-40D58AE6C7E0}.Debug|Any CPU.Build.0 = Debug|Any CPU
		{343417C0-A392-47BA-B652-40D58AE6C7E0}.Release|Any CPU.ActiveCfg = Release|Any CPU
		{343417C0-A392-47BA-B652-40D58AE6C7E0}.Release|Any CPU.Build.0 = Release|Any CPU
	EndGlobalSection
	GlobalSection(SolutionProperties) = preSolution
		HideSolutionNode = FALSE
	EndGlobalSection
EndGlobal
